{
  "originHash" : "6a6e6ed4ae8ea9e9fa434926f8fceb303a2c98fa75e864ec897897dd6413156f",
  "pins" : [
    {
      "identity" : "menuhub",
      "kind" : "remoteSourceControl",
      "location" : "https://github.com/mstallone/menuhub",
      "state" : {
        "revision" : "e2d36887b0b9b935543c2a745dc07aba3a6fd0d4",
        "version" : "0.5.1"
      }
    },
    {
      "identity" : "sparkle",
      "kind" : "remoteSourceControl",
      "location" : "https://github.com/sparkle-project/Sparkle",
      "state" : {
        "revision" : "eef1a539a373c1f1a320624b1130fc5de7b2e100",
        "version" : "2.10.0"
      }
    }
  ],
  "version" : 3
}
