{
  "originHash" : "7b8b2e1fe030e240a9c7d3f1b6f53973e437515223740c4d1a1101d6ceda2bcb",
  "pins" : [
    {
      "identity" : "menuhub",
      "kind" : "remoteSourceControl",
      "location" : "https://github.com/mstallone/menuhub",
      "state" : {
        "revision" : "677be4fc06af994ccc182c4f437bacecbfc5d25e",
        "version" : "0.5.2"
      }
    },
    {
      "identity" : "sparkle",
      "kind" : "remoteSourceControl",
      "location" : "https://github.com/sparkle-project/Sparkle",
      "state" : {
        "revision" : "eef1a539a373c1f1a320624b1130fc5de7b2e100",
        "version" : "2.10.0"
      }
    }
  ],
  "version" : 3
}
